{
  "nodes": {
    "nixpkgs": {
      "locked": {
        "lastModified": 1776696975,
        "narHash": "sha256-q7wY9t/GJzoiTMlIY7E/sgEIBBNtFx0J6vrpj6KTvdA=",
        "owner": "NixOS",
        "repo": "nixpkgs",
        "rev": "b65a38229bef06ac9ec0f4d861d223c67f171742",
        "type": "github"
      },
      "original": {
        "owner": "NixOS",
        "repo": "nixpkgs",
        "type": "github"
      }
    },
    "root": {
      "inputs": {
        "nixpkgs": "nixpkgs"
      }
    }
  },
  "root": "root",
  "version": 7
}
