{
  "nodes": {
    "nixpkgs": {
      "locked": {
        "lastModified": 1778682303,
        "narHash": "sha256-/yZVcXEwsf785vem+iHlcri9pglse/5HKhaME0sfOAc=",
        "owner": "NixOS",
        "repo": "nixpkgs",
        "rev": "9e80bd04b4789c9e0c5a10277244e4c48cdb0241",
        "type": "github"
      },
      "original": {
        "owner": "NixOS",
        "repo": "nixpkgs",
        "type": "github"
      }
    },
    "root": {
      "inputs": {
        "nixpkgs": "nixpkgs"
      }
    }
  },
  "root": "root",
  "version": 7
}
